
Microsoft Visual Studio Solution File, Format Version 12.00
Project("{FAE04EC0-301F-11D3-BF4B-00C04F79EFBC}") = "LotteryApp", "LotteryApp\LotteryApp.csproj", "{D8262272-4A55-4CF1-AB28-4707BF53D186}"
EndProject
Project("{FAE04EC0-301F-11D3-BF4B-00C04F79EFBC}") = "Tests", "Tests\Tests.csproj", "{1DFFA936-B086-414A-8C4D-A65C1176581E}"
EndProject
Global
	GlobalSection(SolutionConfigurationPlatforms) = preSolution
		Debug|Any CPU = Debug|Any CPU
		Release|Any CPU = Release|Any CPU
	EndGlobalSection
	GlobalSection(ProjectConfigurationPlatforms) = postSolution
		{D8262272-4A55-4CF1-AB28-4707BF53D186}.Debug|Any CPU.ActiveCfg = Debug|Any CPU
		{D8262272-4A55-4CF1-AB28-4707BF53D186}.Debug|Any CPU.Build.0 = Debug|Any CPU
		{D8262272-4A55-4CF1-AB28-4707BF53D186}.Release|Any CPU.ActiveCfg = Release|Any CPU
		{D8262272-4A55-4CF1-AB28-4707BF53D186}.Release|Any CPU.Build.0 = Release|Any CPU
		{1DFFA936-B086-414A-8C4D-A65C1176581E}.Debug|Any CPU.ActiveCfg = Debug|Any CPU
		{1DFFA936-B086-414A-8C4D-A65C1176581E}.Debug|Any CPU.Build.0 = Debug|Any CPU
		{1DFFA936-B086-414A-8C4D-A65C1176581E}.Release|Any CPU.ActiveCfg = Release|Any CPU
		{1DFFA936-B086-414A-8C4D-A65C1176581E}.Release|Any CPU.Build.0 = Release|Any CPU
	EndGlobalSection
EndGlobal
